// !$*UTF8*$!
{
	archiveVersion = 1;
	classes = {
	};
	objectVersion = 50;
	objects = {

/* Begin PBXBuildFile section */
		F31B4F01211DBDEF00197F45 /* Sound.swift in Sources */ = {isa = PBXBuildFile; fileRef = F31B4F00211DBDEF00197F45 /* Sound.swift */; };
		F31B4F04211DCECB00197F45 /* SoundPlayer.swift in Sources */ = {isa = PBXBuildFile; fileRef = F31B4F03211DCECB00197F45 /* SoundPlayer.swift */; };
		F31B4F06211DDA4200197F45 /* SoundProvider.swift in Sources */ = {isa = PBXBuildFile; fileRef = F31B4F05211DDA4200197F45 /* SoundProvider.swift */; };
		F3291E3A220C83EE000EF213 /* UIVIew.swift in Sources */ = {isa = PBXBuildFile; fileRef = F3291E39220C83EE000EF213 /* UIVIew.swift */; };
		F3576F7D2119B28A0099898C /* AppDelegate.swift in Sources */ = {isa = PBXBuildFile; fileRef = F3576F7C2119B28A0099898C /* AppDelegate.swift */; };
		F3576F7F2119B28A0099898C /* ViewController.swift in Sources */ = {isa = PBXBuildFile; fileRef = F3576F7E2119B28A0099898C /* ViewController.swift */; };
		F3576F822119B28A0099898C /* Main.storyboard in Resources */ = {isa = PBXBuildFile; fileRef = F3576F802119B28A0099898C /* Main.storyboard */; };
		F3576F842119B28C0099898C /* Assets.xcassets in Resources */ = {isa = PBXBuildFile; fileRef = F3576F832119B28C0099898C /* Assets.xcassets */; };
		F3576F872119B28C0099898C /* LaunchScreen.storyboard in Resources */ = {isa = PBXBuildFile; fileRef = F3576F852119B28C0099898C /* LaunchScreen.storyboard */; };
		F38FBCB62119B950004EFAB8 /* Question.swift in Sources */ = {isa = PBXBuildFile; fileRef = F38FBCB52119B950004EFAB8 /* Question.swift */; };
		F38FBCB82119B95B004EFAB8 /* Questions.swift in Sources */ = {isa = PBXBuildFile; fileRef = F38FBCB72119B95B004EFAB8 /* Questions.swift */; };
		F38FBCBA2119B97F004EFAB8 /* GameManager.swift in Sources */ = {isa = PBXBuildFile; fileRef = F38FBCB92119B97F004EFAB8 /* GameManager.swift */; };
		F38FBCBC2119B994004EFAB8 /* QuestionTimer.swift in Sources */ = {isa = PBXBuildFile; fileRef = F38FBCBB2119B994004EFAB8 /* QuestionTimer.swift */; };
		F38FBCC02119B9DB004EFAB8 /* UIButton.swift in Sources */ = {isa = PBXBuildFile; fileRef = F38FBCBF2119B9DB004EFAB8 /* UIButton.swift */; };
		F3BB1F12211C34F10022D65E /* soundCorrect.wav in Resources */ = {isa = PBXBuildFile; fileRef = F3BB1F0C211C34F10022D65E /* soundCorrect.wav */; };
		F3BB1F13211C34F10022D65E /* cheerCrowd.mp3 in Resources */ = {isa = PBXBuildFile; fileRef = F3BB1F0D211C34F10022D65E /* cheerCrowd.mp3 */; };
		F3BB1F14211C34F10022D65E /* gameSound.wav in Resources */ = {isa = PBXBuildFile; fileRef = F3BB1F0E211C34F10022D65E /* gameSound.wav */; };
		F3BB1F15211C34F10022D65E /* roundCompleted.wav in Resources */ = {isa = PBXBuildFile; fileRef = F3BB1F0F211C34F10022D65E /* roundCompleted.wav */; };
		F3BB1F16211C34F10022D65E /* soundWrong.wav in Resources */ = {isa = PBXBuildFile; fileRef = F3BB1F10211C34F10022D65E /* soundWrong.wav */; };
		F3BB1F17211C34F10022D65E /* timeOut.wav in Resources */ = {isa = PBXBuildFile; fileRef = F3BB1F11211C34F10022D65E /* timeOut.wav */; };
/* End PBXBuildFile section */

/* Begin PBXFileReference section */
		F31B4F00211DBDEF00197F45 /* Sound.swift */ = {isa = PBXFileReference; lastKnownFileType = sourcecode.swift; path = Sound.swift; sourceTree = "<group>"; };
		F31B4F03211DCECB00197F45 /* SoundPlayer.swift */ = {isa = PBXFileReference; lastKnownFileType = sourcecode.swift; path = SoundPlayer.swift; sourceTree = "<group>"; };
		F31B4F05211DDA4200197F45 /* SoundProvider.swift */ = {isa = PBXFileReference; lastKnownFileType = sourcecode.swift; path = SoundProvider.swift; sourceTree = "<group>"; };
		F3291E39220C83EE000EF213 /* UIVIew.swift */ = {isa = PBXFileReference; lastKnownFileType = sourcecode.swift; path = UIVIew.swift; sourceTree = "<group>"; };
		F3576F792119B28A0099898C /* quiz-app.app */ = {isa = PBXFileReference; explicitFileType = wrapper.application; includeInIndex = 0; path = "quiz-app.app"; sourceTree = BUILT_PRODUCTS_DIR; };
		F3576F7C2119B28A0099898C /* AppDelegate.swift */ = {isa = PBXFileReference; lastKnownFileType = sourcecode.swift; path = AppDelegate.swift; sourceTree = "<group>"; };
		F3576F7E2119B28A0099898C /* ViewController.swift */ = {isa = PBXFileReference; lastKnownFileType = sourcecode.swift; path = ViewController.swift; sourceTree = "<group>"; };
		F3576F812119B28A0099898C /* Base */ = {isa = PBXFileReference; lastKnownFileType = file.storyboard; name = Base; path = Base.lproj/Main.storyboard; sourceTree = "<group>"; };
		F3576F832119B28C0099898C /* Assets.xcassets */ = {isa = PBXFileReference; lastKnownFileType = folder.assetcatalog; path = Assets.xcassets; sourceTree = "<group>"; };
		F3576F862119B28C0099898C /* Base */ = {isa = PBXFileReference; lastKnownFileType = file.storyboard; name = Base; path = Base.lproj/LaunchScreen.storyboard; sourceTree = "<group>"; };
		F3576F882119B28C0099898C /* Info.plist */ = {isa = PBXFileReference; lastKnownFileType = text.plist.xml; path = Info.plist; sourceTree = "<group>"; };
		F38FBCB52119B950004EFAB8 /* Question.swift */ = {isa = PBXFileReference; lastKnownFileType = sourcecode.swift; path = Question.swift; sourceTree = "<group>"; };
		F38FBCB72119B95B004EFAB8 /* Questions.swift */ = {isa = PBXFileReference; lastKnownFileType = sourcecode.swift; path = Questions.swift; sourceTree = "<group>"; };
		F38FBCB92119B97F004EFAB8 /* GameManager.swift */ = {isa = PBXFileReference; lastKnownFileType = sourcecode.swift; path = GameManager.swift; sourceTree = "<group>"; };
		F38FBCBB2119B994004EFAB8 /* QuestionTimer.swift */ = {isa = PBXFileReference; lastKnownFileType = sourcecode.swift; path = QuestionTimer.swift; sourceTree = "<group>"; };
		F38FBCBF2119B9DB004EFAB8 /* UIButton.swift */ = {isa = PBXFileReference; lastKnownFileType = sourcecode.swift; path = UIButton.swift; sourceTree = "<group>"; };
		F3BB1F0C211C34F10022D65E /* soundCorrect.wav */ = {isa = PBXFileReference; lastKnownFileType = audio.wav; path = soundCorrect.wav; sourceTree = "<group>"; };
		F3BB1F0D211C34F10022D65E /* cheerCrowd.mp3 */ = {isa = PBXFileReference; lastKnownFileType = audio.mp3; path = cheerCrowd.mp3; sourceTree = "<group>"; };
		F3BB1F0E211C34F10022D65E /* gameSound.wav */ = {isa = PBXFileReference; lastKnownFileType = audio.wav; path = gameSound.wav; sourceTree = "<group>"; };
		F3BB1F0F211C34F10022D65E /* roundCompleted.wav */ = {isa = PBXFileReference; lastKnownFileType = audio.wav; path = roundCompleted.wav; sourceTree = "<group>"; };
		F3BB1F10211C34F10022D65E /* soundWrong.wav */ = {isa = PBXFileReference; lastKnownFileType = audio.wav; path = soundWrong.wav; sourceTree = "<group>"; };
		F3BB1F11211C34F10022D65E /* timeOut.wav */ = {isa = PBXFileReference; lastKnownFileType = audio.wav; path = timeOut.wav; sourceTree = "<group>"; };
/* End PBXFileReference section */

/* Begin PBXFrameworksBuildPhase section */
		F3576F762119B28A0099898C /* Frameworks */ = {
			isa = PBXFrameworksBuildPhase;
			buildActionMask = 2147483647;
			files = (
			);
			runOnlyForDeploymentPostprocessing = 0;
		};
/* End PBXFrameworksBuildPhase section */

/* Begin PBXGroup section */
		F31B4F02211DC4BE00197F45 /* Resources */ = {
			isa = PBXGroup;
			children = (
				F3291E35220B4367000EF213 /* Sounds */,
			);
			path = Resources;
			sourceTree = "<group>";
		};
		F3291E32220B3FF8000EF213 /* Models */ = {
			isa = PBXGroup;
			children = (
				F3291E33220B410D000EF213 /* Audio */,
				F3291E34220B4133000EF213 /* Quiz */,
			);
			path = Models;
			sourceTree = "<group>";
		};
		F3291E33220B410D000EF213 /* Audio */ = {
			isa = PBXGroup;
			children = (
				F31B4F00211DBDEF00197F45 /* Sound.swift */,
				F31B4F05211DDA4200197F45 /* SoundProvider.swift */,
				F31B4F03211DCECB00197F45 /* SoundPlayer.swift */,
			);
			path = Audio;
			sourceTree = "<group>";
		};
		F3291E34220B4133000EF213 /* Quiz */ = {
			isa = PBXGroup;
			children = (
				F38FBCB52119B950004EFAB8 /* Question.swift */,
				F38FBCB72119B95B004EFAB8 /* Questions.swift */,
				F38FBCB92119B97F004EFAB8 /* GameManager.swift */,
				F38FBCBB2119B994004EFAB8 /* QuestionTimer.swift */,
			);
			path = Quiz;
			sourceTree = "<group>";
		};
		F3291E35220B4367000EF213 /* Sounds */ = {
			isa = PBXGroup;
			children = (
				F3BB1F0D211C34F10022D65E /* cheerCrowd.mp3 */,
				F3BB1F0E211C34F10022D65E /* gameSound.wav */,
				F3BB1F0F211C34F10022D65E /* roundCompleted.wav */,
				F3BB1F0C211C34F10022D65E /* soundCorrect.wav */,
				F3BB1F10211C34F10022D65E /* soundWrong.wav */,
				F3BB1F11211C34F10022D65E /* timeOut.wav */,
			);
			path = Sounds;
			sourceTree = "<group>";
		};
		F3291E36220B4382000EF213 /* Supporting Files */ = {
			isa = PBXGroup;
			children = (
				F3576F852119B28C0099898C /* LaunchScreen.storyboard */,
				F3576F882119B28C0099898C /* Info.plist */,
			);
			path = "Supporting Files";
			sourceTree = "<group>";
		};
		F3291E37220B43A0000EF213 /* Views */ = {
			isa = PBXGroup;
			children = (
				F3576F802119B28A0099898C /* Main.storyboard */,
				F38FBCBF2119B9DB004EFAB8 /* UIButton.swift */,
				F3291E39220C83EE000EF213 /* UIVIew.swift */,
			);
			path = Views;
			sourceTree = "<group>";
		};
		F3291E38220B43C9000EF213 /* Controllers */ = {
			isa = PBXGroup;
			children = (
				F3576F7C2119B28A0099898C /* AppDelegate.swift */,
				F3576F7E2119B28A0099898C /* ViewController.swift */,
			);
			path = Controllers;
			sourceTree = "<group>";
		};
		F3576F702119B28A0099898C = {
			isa = PBXGroup;
			children = (
				F3576F7B2119B28A0099898C /* quiz-app */,
				F3576F7A2119B28A0099898C /* Products */,
			);
			sourceTree = "<group>";
		};
		F3576F7A2119B28A0099898C /* Products */ = {
			isa = PBXGroup;
			children = (
				F3576F792119B28A0099898C /* quiz-app.app */,
			);
			name = Products;
			sourceTree = "<group>";
		};
		F3576F7B2119B28A0099898C /* quiz-app */ = {
			isa = PBXGroup;
			children = (
				F3291E32220B3FF8000EF213 /* Models */,
				F3291E37220B43A0000EF213 /* Views */,
				F3291E38220B43C9000EF213 /* Controllers */,
				F31B4F02211DC4BE00197F45 /* Resources */,
				F3576F832119B28C0099898C /* Assets.xcassets */,
				F3291E36220B4382000EF213 /* Supporting Files */,
			);
			path = "quiz-app";
			sourceTree = "<group>";
		};
/* End PBXGroup section */

/* Begin PBXNativeTarget section */
		F3576F782119B28A0099898C /* quiz-app */ = {
			isa = PBXNativeTarget;
			buildConfigurationList = F3576F8B2119B28C0099898C /* Build configuration list for PBXNativeTarget "quiz-app" */;
			buildPhases = (
				F3576F752119B28A0099898C /* Sources */,
				F3576F762119B28A0099898C /* Frameworks */,
				F3576F772119B28A0099898C /* Resources */,
			);
			buildRules = (
			);
			dependencies = (
			);
			name = "quiz-app";
			productName = "quiz-app";
			productReference = F3576F792119B28A0099898C /* quiz-app.app */;
			productType = "com.apple.product-type.application";
		};
/* End PBXNativeTarget section */

/* Begin PBXProject section */
		F3576F712119B28A0099898C /* Project object */ = {
			isa = PBXProject;
			attributes = {
				LastSwiftUpdateCheck = 0940;
				LastUpgradeCheck = 0940;
				ORGANIZATIONNAME = "Elena Meneghini";
				TargetAttributes = {
					F3576F782119B28A0099898C = {
						CreatedOnToolsVersion = 9.4.1;
						LastSwiftMigration = 1010;
					};
				};
			};
			buildConfigurationList = F3576F742119B28A0099898C /* Build configuration list for PBXProject "quiz-app" */;
			compatibilityVersion = "Xcode 9.3";
			developmentRegion = en;
			hasScannedForEncodings = 0;
			knownRegions = (
				en,
				Base,
			);
			mainGroup = F3576F702119B28A0099898C;
			productRefGroup = F3576F7A2119B28A0099898C /* Products */;
			projectDirPath = "";
			projectRoot = "";
			targets = (
				F3576F782119B28A0099898C /* quiz-app */,
			);
		};
/* End PBXProject section */

/* Begin PBXResourcesBuildPhase section */
		F3576F772119B28A0099898C /* Resources */ = {
			isa = PBXResourcesBuildPhase;
			buildActionMask = 2147483647;
			files = (
				F3BB1F16211C34F10022D65E /* soundWrong.wav in Resources */,
				F3BB1F17211C34F10022D65E /* timeOut.wav in Resources */,
				F3576F872119B28C0099898C /* LaunchScreen.storyboard in Resources */,
				F3576F842119B28C0099898C /* Assets.xcassets in Resources */,
				F3BB1F15211C34F10022D65E /* roundCompleted.wav in Resources */,
				F3576F822119B28A0099898C /* Main.storyboard in Resources */,
				F3BB1F12211C34F10022D65E /* soundCorrect.wav in Resources */,
				F3BB1F14211C34F10022D65E /* gameSound.wav in Resources */,
				F3BB1F13211C34F10022D65E /* cheerCrowd.mp3 in Resources */,
			);
			runOnlyForDeploymentPostprocessing = 0;
		};
/* End PBXResourcesBuildPhase section */

/* Begin PBXSourcesBuildPhase section */
		F3576F752119B28A0099898C /* Sources */ = {
			isa = PBXSourcesBuildPhase;
			buildActionMask = 2147483647;
			files = (
				F3576F7F2119B28A0099898C /* ViewController.swift in Sources */,
				F38FBCBA2119B97F004EFAB8 /* GameManager.swift in Sources */,
				F3291E3A220C83EE000EF213 /* UIVIew.swift in Sources */,
				F38FBCB82119B95B004EFAB8 /* Questions.swift in Sources */,
				F38FBCC02119B9DB004EFAB8 /* UIButton.swift in Sources */,
				F38FBCB62119B950004EFAB8 /* Question.swift in Sources */,
				F38FBCBC2119B994004EFAB8 /* QuestionTimer.swift in Sources */,
				F31B4F06211DDA4200197F45 /* SoundProvider.swift in Sources */,
				F31B4F01211DBDEF00197F45 /* Sound.swift in Sources */,
				F3576F7D2119B28A0099898C /* AppDelegate.swift in Sources */,
				F31B4F04211DCECB00197F45 /* SoundPlayer.swift in Sources */,
			);
			runOnlyForDeploymentPostprocessing = 0;
		};
/* End PBXSourcesBuildPhase section */

/* Begin PBXVariantGroup section */
		F3576F802119B28A0099898C /* Main.storyboard */ = {
			isa = PBXVariantGroup;
			children = (
				F3576F812119B28A0099898C /* Base */,
			);
			name = Main.storyboard;
			sourceTree = "<group>";
		};
		F3576F852119B28C0099898C /* LaunchScreen.storyboard */ = {
			isa = PBXVariantGroup;
			children = (
				F3576F862119B28C0099898C /* Base */,
			);
			name = LaunchScreen.storyboard;
			sourceTree = "<group>";
		};
/* End PBXVariantGroup section */

/* Begin XCBuildConfiguration section */
		F3576F892119B28C0099898C /* Debug */ = {
			isa = XCBuildConfiguration;
			buildSettings = {
				ALWAYS_SEARCH_USER_PATHS = NO;
				CLANG_ANALYZER_NONNULL = YES;
				CLANG_ANALYZER_NUMBER_OBJECT_CONVERSION = YES_AGGRESSIVE;
				CLANG_CXX_LANGUAGE_STANDARD = "gnu++14";
				CLANG_CXX_LIBRARY = "libc++";
				CLANG_ENABLE_MODULES = YES;
				CLANG_ENABLE_OBJC_ARC = YES;
				CLANG_ENABLE_OBJC_WEAK = YES;
				CLANG_WARN_BLOCK_CAPTURE_AUTORELEASING = YES;
				CLANG_WARN_BOOL_CONVERSION = YES;
				CLANG_WARN_COMMA = YES;
				CLANG_WARN_CONSTANT_CONVERSION = YES;
				CLANG_WARN_DEPRECATED_OBJC_IMPLEMENTATIONS = YES;
				CLANG_WARN_DIRECT_OBJC_ISA_USAGE = YES_ERROR;
				CLANG_WARN_DOCUMENTATION_COMMENTS = YES;
				CLANG_WARN_EMPTY_BODY = YES;
				CLANG_WARN_ENUM_CONVERSION = YES;
				CLANG_WARN_INFINITE_RECURSION = YES;
				CLANG_WARN_INT_CONVERSION = YES;
				CLANG_WARN_NON_LITERAL_NULL_CONVERSION = YES;
				CLANG_WARN_OBJC_IMPLICIT_RETAIN_SELF = YES;
				CLANG_WARN_OBJC_LITERAL_CONVERSION = YES;
				CLANG_WARN_OBJC_ROOT_CLASS = YES_ERROR;
				CLANG_WARN_RANGE_LOOP_ANALYSIS = YES;
				CLANG_WARN_STRICT_PROTOTYPES = YES;
				CLANG_WARN_SUSPICIOUS_MOVE = YES;
				CLANG_WARN_UNGUARDED_AVAILABILITY = YES_AGGRESSIVE;
				CLANG_WARN_UNREACHABLE_CODE = YES;
				CLANG_WARN__DUPLICATE_METHOD_MATCH = YES;
				CODE_SIGN_IDENTITY = "iPhone Developer";
				COPY_PHASE_STRIP = NO;
				DEBUG_INFORMATION_FORMAT = dwarf;
				ENABLE_STRICT_OBJC_MSGSEND = YES;
				ENABLE_TESTABILITY = YES;
				GCC_C_LANGUAGE_STANDARD = gnu11;
				GCC_DYNAMIC_NO_PIC = NO;
				GCC_NO_COMMON_BLOCKS = YES;
				GCC_OPTIMIZATION_LEVEL = 0;
				GCC_PREPROCESSOR_DEFINITIONS = (
					"DEBUG=1",
					"$(inherited)",
				);
				GCC_WARN_64_TO_32_BIT_CONVERSION = YES;
				GCC_WARN_ABOUT_RETURN_TYPE = YES_ERROR;
				GCC_WARN_UNDECLARED_SELECTOR = YES;
				GCC_WARN_UNINITIALIZED_AUTOS = YES_AGGRESSIVE;
				GCC_WARN_UNUSED_FUNCTION = YES;
				GCC_WARN_UNUSED_VARIABLE = YES;
				IPHONEOS_DEPLOYMENT_TARGET = 11.4;
				MTL_ENABLE_DEBUG_INFO = YES;
				ONLY_ACTIVE_ARCH = YES;
				SDKROOT = iphoneos;
				SWIFT_ACTIVE_COMPILATION_CONDITIONS = DEBUG;
				SWIFT_OPTIMIZATION_LEVEL = "-Onone";
			};
			name = Debug;
		};
		F3576F8A2119B28C0099898C /* Release */ = {
			isa = XCBuildConfiguration;
			buildSettings = {
				ALWAYS_SEARCH_USER_PATHS = NO;
				CLANG_ANALYZER_NONNULL = YES;
				CLANG_ANALYZER_NUMBER_OBJECT_CONVERSION = YES_AGGRESSIVE;
				CLANG_CXX_LANGUAGE_STANDARD = "gnu++14";
				CLANG_CXX_LIBRARY = "libc++";
				CLANG_ENABLE_MODULES = YES;
				CLANG_ENABLE_OBJC_ARC = YES;
				CLANG_ENABLE_OBJC_WEAK = YES;
				CLANG_WARN_BLOCK_CAPTURE_AUTORELEASING = YES;
				CLANG_WARN_BOOL_CONVERSION = YES;
				CLANG_WARN_COMMA = YES;
				CLANG_WARN_CONSTANT_CONVERSION = YES;
				CLANG_WARN_DEPRECATED_OBJC_IMPLEMENTATIONS = YES;
				CLANG_WARN_DIRECT_OBJC_ISA_USAGE = YES_ERROR;
				CLANG_WARN_DOCUMENTATION_COMMENTS = YES;
				CLANG_WARN_EMPTY_BODY = YES;
				CLANG_WARN_ENUM_CONVERSION = YES;
				CLANG_WARN_INFINITE_RECURSION = YES;
				CLANG_WARN_INT_CONVERSION = YES;
				CLANG_WARN_NON_LITERAL_NULL_CONVERSION = YES;
				CLANG_WARN_OBJC_IMPLICIT_RETAIN_SELF = YES;
				CLANG_WARN_OBJC_LITERAL_CONVERSION = YES;
				CLANG_WARN_OBJC_ROOT_CLASS = YES_ERROR;
				CLANG_WARN_RANGE_LOOP_ANALYSIS = YES;
				CLANG_WARN_STRICT_PROTOTYPES = YES;
				CLANG_WARN_SUSPICIOUS_MOVE = YES;
				CLANG_WARN_UNGUARDED_AVAILABILITY = YES_AGGRESSIVE;
				CLANG_WARN_UNREACHABLE_CODE = YES;
				CLANG_WARN__DUPLICATE_METHOD_MATCH = YES;
				CODE_SIGN_IDENTITY = "iPhone Developer";
				COPY_PHASE_STRIP = NO;
				DEBUG_INFORMATION_FORMAT = "dwarf-with-dsym";
				ENABLE_NS_ASSERTIONS = NO;
				ENABLE_STRICT_OBJC_MSGSEND = YES;
				GCC_C_LANGUAGE_STANDARD = gnu11;
				GCC_NO_COMMON_BLOCKS = YES;
				GCC_WARN_64_TO_32_BIT_CONVERSION = YES;
				GCC_WARN_ABOUT_RETURN_TYPE = YES_ERROR;
				GCC_WARN_UNDECLARED_SELECTOR = YES;
				GCC_WARN_UNINITIALIZED_AUTOS = YES_AGGRESSIVE;
				GCC_WARN_UNUSED_FUNCTION = YES;
				GCC_WARN_UNUSED_VARIABLE = YES;
				IPHONEOS_DEPLOYMENT_TARGET = 11.4;
				MTL_ENABLE_DEBUG_INFO = NO;
				SDKROOT = iphoneos;
				SWIFT_COMPILATION_MODE = wholemodule;
				SWIFT_OPTIMIZATION_LEVEL = "-O";
				VALIDATE_PRODUCT = YES;
			};
			name = Release;
		};
		F3576F8C2119B28C0099898C /* Debug */ = {
			isa = XCBuildConfiguration;
			buildSettings = {
				ASSETCATALOG_COMPILER_APPICON_NAME = AppIcon;
				CODE_SIGN_STYLE = Automatic;
				DEVELOPMENT_TEAM = 7MA4G9ZS6S;
				INFOPLIST_FILE = "quiz-app/Supporting Files/Info.plist";
				LD_RUNPATH_SEARCH_PATHS = (
					"$(inherited)",
					"@executable_path/Frameworks",
				);
				PRODUCT_BUNDLE_IDENTIFIER = "elenameneghini.com.quiz-app";
				PRODUCT_NAME = "$(TARGET_NAME)";
				SWIFT_VERSION = 4.2;
				TARGETED_DEVICE_FAMILY = "1,2";
			};
			name = Debug;
		};
		F3576F8D2119B28C0099898C /* Release */ = {
			isa = XCBuildConfiguration;
			buildSettings = {
				ASSETCATALOG_COMPILER_APPICON_NAME = AppIcon;
				CODE_SIGN_STYLE = Automatic;
				DEVELOPMENT_TEAM = 7MA4G9ZS6S;
				INFOPLIST_FILE = "quiz-app/Supporting Files/Info.plist";
				LD_RUNPATH_SEARCH_PATHS = (
					"$(inherited)",
					"@executable_path/Frameworks",
				);
				PRODUCT_BUNDLE_IDENTIFIER = "elenameneghini.com.quiz-app";
				PRODUCT_NAME = "$(TARGET_NAME)";
				SWIFT_VERSION = 4.2;
				TARGETED_DEVICE_FAMILY = "1,2";
			};
			name = Release;
		};
/* End XCBuildConfiguration section */

/* Begin XCConfigurationList section */
		F3576F742119B28A0099898C /* Build configuration list for PBXProject "quiz-app" */ = {
			isa = XCConfigurationList;
			buildConfigurations = (
				F3576F892119B28C0099898C /* Debug */,
				F3576F8A2119B28C0099898C /* Release */,
			);
			defaultConfigurationIsVisible = 0;
			defaultConfigurationName = Release;
		};
		F3576F8B2119B28C0099898C /* Build configuration list for PBXNativeTarget "quiz-app" */ = {
			isa = XCConfigurationList;
			buildConfigurations = (
				F3576F8C2119B28C0099898C /* Debug */,
				F3576F8D2119B28C0099898C /* Release */,
			);
			defaultConfigurationIsVisible = 0;
			defaultConfigurationName = Release;
		};
/* End XCConfigurationList section */
	};
	rootObject = F3576F712119B28A0099898C /* Project object */;
}
